
Microsoft Visual Studio Solution File, Format Version 12.00
# Visual Studio 15
VisualStudioVersion = 15.0.26124.0
MinimumVisualStudioVersion = 15.0.26124.0
Project("{FAE04EC0-301F-11D3-BF4B-00C04F79EFBC}") = "ShapeWorld.Client", "ShapeWorld.Client\ShapeWorld.Client.csproj", "{C1DC533F-EB25-4D73-99B5-175F6B465A35}"
EndProject
Project("{FAE04EC0-301F-11D3-BF4B-00C04F79EFBC}") = "ShapeWorld.Library", "ShapeWorld.Library\ShapeWorld.Library.csproj", "{B03B706F-372A-4633-AF51-173E158D408E}"
EndProject
Global
	GlobalSection(SolutionConfigurationPlatforms) = preSolution
		Debug|Any CPU = Debug|Any CPU
		Debug|x64 = Debug|x64
		Debug|x86 = Debug|x86
		Release|Any CPU = Release|Any CPU
		Release|x64 = Release|x64
		Release|x86 = Release|x86
	EndGlobalSection
	GlobalSection(SolutionProperties) = preSolution
		HideSolutionNode = FALSE
	EndGlobalSection
	GlobalSection(ProjectConfigurationPlatforms) = postSolution
		{C1DC533F-EB25-4D73-99B5-175F6B465A35}.Debug|Any CPU.ActiveCfg = Debug|Any CPU
		{C1DC533F-EB25-4D73-99B5-175F6B465A35}.Debug|Any CPU.Build.0 = Debug|Any CPU
		{C1DC533F-EB25-4D73-99B5-175F6B465A35}.Debug|x64.ActiveCfg = Debug|x64
		{C1DC533F-EB25-4D73-99B5-175F6B465A35}.Debug|x64.Build.0 = Debug|x64
		{C1DC533F-EB25-4D73-99B5-175F6B465A35}.Debug|x86.ActiveCfg = Debug|x86
		{C1DC533F-EB25-4D73-99B5-175F6B465A35}.Debug|x86.Build.0 = Debug|x86
		{C1DC533F-EB25-4D73-99B5-175F6B465A35}.Release|Any CPU.ActiveCfg = Release|Any CPU
		{C1DC533F-EB25-4D73-99B5-175F6B465A35}.Release|Any CPU.Build.0 = Release|Any CPU
		{C1DC533F-EB25-4D73-99B5-175F6B465A35}.Release|x64.ActiveCfg = Release|x64
		{C1DC533F-EB25-4D73-99B5-175F6B465A35}.Release|x64.Build.0 = Release|x64
		{C1DC533F-EB25-4D73-99B5-175F6B465A35}.Release|x86.ActiveCfg = Release|x86
		{C1DC533F-EB25-4D73-99B5-175F6B465A35}.Release|x86.Build.0 = Release|x86
		{B03B706F-372A-4633-AF51-173E158D408E}.Debug|Any CPU.ActiveCfg = Debug|Any CPU
		{B03B706F-372A-4633-AF51-173E158D408E}.Debug|Any CPU.Build.0 = Debug|Any CPU
		{B03B706F-372A-4633-AF51-173E158D408E}.Debug|x64.ActiveCfg = Debug|x64
		{B03B706F-372A-4633-AF51-173E158D408E}.Debug|x64.Build.0 = Debug|x64
		{B03B706F-372A-4633-AF51-173E158D408E}.Debug|x86.ActiveCfg = Debug|x86
		{B03B706F-372A-4633-AF51-173E158D408E}.Debug|x86.Build.0 = Debug|x86
		{B03B706F-372A-4633-AF51-173E158D408E}.Release|Any CPU.ActiveCfg = Release|Any CPU
		{B03B706F-372A-4633-AF51-173E158D408E}.Release|Any CPU.Build.0 = Release|Any CPU
		{B03B706F-372A-4633-AF51-173E158D408E}.Release|x64.ActiveCfg = Release|x64
		{B03B706F-372A-4633-AF51-173E158D408E}.Release|x64.Build.0 = Release|x64
		{B03B706F-372A-4633-AF51-173E158D408E}.Release|x86.ActiveCfg = Release|x86
		{B03B706F-372A-4633-AF51-173E158D408E}.Release|x86.Build.0 = Release|x86
	EndGlobalSection
EndGlobal
